name: Generate Cargo lockfile

on:
  push:
    branches: [ "master" ]
    paths:
      - '.github/workflows/generate_cargo_lock.yml'

permissions:
  contents: write

jobs:
  generate:
    runs-on: ubuntu-24.04
    steps:
      - name: Checkout repository
        uses: actions/checkout@v7

      - name: Generate Cargo.lock
        run: |
          docker run --rm \
            -v "$PWD:/app" \
            -w /app \
            rust:1.98-alpine3.24 \
            cargo generate-lockfile

      - name: Commit Cargo.lock
        run: |
          git config user.name "github-actions[bot]"
          git config user.email "41898282+github-actions[bot]@users.noreply.github.com"
          git add Cargo.lock
          git commit -m "chore: add Cargo.lock"
          git push
